<?xml version="1.0" encoding="utf-8"?>
<Project xmlns="http://schemas.microsoft.com/developer/msbuild/2003">
  <ItemGroup>
    <Filter Include="Form Files">
      <UniqueIdentifier>{99349809-55BA-4b9d-BF79-8FDBB0286EB3}</UniqueIdentifier>
      <Extensions>ui</Extensions>
      <ParseFiles>false</ParseFiles>
    </Filter>
    <Filter Include="Form Files">
      <UniqueIdentifier>{99349809-55BA-4b9d-BF79-8FDBB0286EB3}</UniqueIdentifier>
      <Extensions>ui</Extensions>
      <ParseFiles>false</ParseFiles>
    </Filter>
    <Filter Include="Generated Files">
      <UniqueIdentifier>{71ED8ED8-ACB9-4CE9-BBE1-E00B30144E11}</UniqueIdentifier>
      <Extensions>cpp;c;cxx;moc;h;def;odl;idl;res;</Extensions>
    </Filter>
    <Filter Include="Generated Files">
      <UniqueIdentifier>{71ED8ED8-ACB9-4CE9-BBE1-E00B30144E11}</UniqueIdentifier>
      <Extensions>cpp;c;cxx;moc;h;def;odl;idl;res;</Extensions>
    </Filter>
    <Filter Include="Header Files">
      <UniqueIdentifier>{93995380-89BD-4b04-88EB-625FBE52EBFB}</UniqueIdentifier>
      <Extensions>h;hpp;hxx;hm;inl;inc;xsd</Extensions>
    </Filter>
    <Filter Include="Header Files">
      <UniqueIdentifier>{93995380-89BD-4b04-88EB-625FBE52EBFB}</UniqueIdentifier>
      <Extensions>h;hpp;hxx;hm;inl;inc;xsd</Extensions>
    </Filter>
    <Filter Include="Resource Files">
      <UniqueIdentifier>{D9D6E242-F8AF-46E4-B9FD-80ECBC20BA3E}</UniqueIdentifier>
      <Extensions>qrc;*</Extensions>
      <ParseFiles>false</ParseFiles>
    </Filter>
    <Filter Include="Resource Files">
      <UniqueIdentifier>{D9D6E242-F8AF-46E4-B9FD-80ECBC20BA3E}</UniqueIdentifier>
      <Extensions>qrc;*</Extensions>
      <ParseFiles>false</ParseFiles>
    </Filter>
    <Filter Include="Source Files">
      <UniqueIdentifier>{4FC737F1-C7A5-4376-A066-2A32D752A2FF}</UniqueIdentifier>
      <Extensions>cpp;c;cxx;def;odl;idl;hpj;bat;asm;asmx</Extensions>
    </Filter>
    <Filter Include="Source Files">
      <UniqueIdentifier>{4FC737F1-C7A5-4376-A066-2A32D752A2FF}</UniqueIdentifier>
      <Extensions>cpp;c;cxx;def;odl;idl;hpj;bat;asm;asmx</Extensions>
    </Filter>
    <Filter Include="Distribution Files">
      <UniqueIdentifier>{B83CAF91-C7BF-462F-B76C-EA11631F866C}</UniqueIdentifier>
      <Extensions>*</Extensions>
      <ParseFiles>false</ParseFiles>
    </Filter>
    <Filter Include="Distribution Files">
      <UniqueIdentifier>{B83CAF91-C7BF-462F-B76C-EA11631F866C}</UniqueIdentifier>
      <Extensions>*</Extensions>
      <ParseFiles>false</ParseFiles>
    </Filter>
  </ItemGroup>
  <ItemGroup>
    <ClCompile Include="SignUp.cpp">
      <Filter>Source Files</Filter>
    </ClCompile>
    <ClCompile Include="editsp.cpp">
      <Filter>Source Files</Filter>
    </ClCompile>
    <ClCompile Include="editu.cpp">
      <Filter>Source Files</Filter>
    </ClCompile>
    <ClCompile Include="googlemaps.cpp">
      <Filter>Source Files</Filter>
    </ClCompile>
    <ClCompile Include="historysp.cpp">
      <Filter>Source Files</Filter>
    </ClCompile>
    <ClCompile Include="historyuser.cpp">
      <Filter>Source Files</Filter>
    </ClCompile>
    <ClCompile Include="main.cpp">
      <Filter>Source Files</Filter>
    </ClCompile>
    <ClCompile Include="profilesp.cpp">
      <Filter>Source Files</Filter>
    </ClCompile>
    <ClCompile Include="profileu.cpp">
      <Filter>Source Files</Filter>
    </ClCompile>
    <ClCompile Include="regcomplete.cpp">
      <Filter>Source Files</Filter>
    </ClCompile>
    <ClCompile Include="selection.cpp">
      <Filter>Source Files</Filter>
    </ClCompile>
    <ClCompile Include="slogin.cpp">
      <Filter>Source Files</Filter>
    </ClCompile>
    <ClCompile Include="spinter.cpp">
      <Filter>Source Files</Filter>
    </ClCompile>
    <ClCompile Include="sql.cpp">
      <Filter>Source Files</Filter>
    </ClCompile>
    <ClCompile Include="task1.cpp">
      <Filter>Source Files</Filter>
    </ClCompile>
    <ClCompile Include="task_2.cpp">
      <Filter>Source Files</Filter>
    </ClCompile>
    <ClCompile Include="ulogin.cpp">
      <Filter>Source Files</Filter>
    </ClCompile>
    <ClCompile Include="userinter.cpp">
      <Filter>Source Files</Filter>
    </ClCompile>
    <ClCompile Include="usignup.cpp">
      <Filter>Source Files</Filter>
    </ClCompile>
  </ItemGroup>
  <ItemGroup>
    <ClInclude Include="PolySP.h">
      <Filter>Header Files</Filter>
    </ClInclude>
    <QtMoc Include="SignUp.h">
      <Filter>Header Files</Filter>
    </QtMoc>
    <QtMoc Include="editsp.h">
      <Filter>Header Files</Filter>
    </QtMoc>
    <QtMoc Include="editu.h">
      <Filter>Header Files</Filter>
    </QtMoc>
    <QtMoc Include="googlemaps.h">
      <Filter>Header Files</Filter>
    </QtMoc>
    <QtMoc Include="historysp.h">
      <Filter>Header Files</Filter>
    </QtMoc>
    <QtMoc Include="historyuser.h">
      <Filter>Header Files</Filter>
    </QtMoc>
    <QtMoc Include="profilesp.h">
      <Filter>Header Files</Filter>
    </QtMoc>
    <QtMoc Include="profileu.h">
      <Filter>Header Files</Filter>
    </QtMoc>
    <QtMoc Include="regcomplete.h">
      <Filter>Header Files</Filter>
    </QtMoc>
    <QtMoc Include="selection.h">
      <Filter>Header Files</Filter>
    </QtMoc>
    <QtMoc Include="slogin.h">
      <Filter>Header Files</Filter>
    </QtMoc>
    <QtMoc Include="spinter.h">
      <Filter>Header Files</Filter>
    </QtMoc>
    <ClInclude Include="sql.h">
      <Filter>Header Files</Filter>
    </ClInclude>
    <QtMoc Include="task1.h">
      <Filter>Header Files</Filter>
    </QtMoc>
    <QtMoc Include="task_2.h">
      <Filter>Header Files</Filter>
    </QtMoc>
    <QtMoc Include="ulogin.h">
      <Filter>Header Files</Filter>
    </QtMoc>
    <QtMoc Include="userinter.h">
      <Filter>Header Files</Filter>
    </QtMoc>
    <QtMoc Include="usignup.h">
      <Filter>Header Files</Filter>
    </QtMoc>
  </ItemGroup>
  <ItemGroup>
    
    
    
    
    
    
    
    
    
    
    
    
    <CustomBuild Include="debug\moc_predefs.h.cbt">
      <Filter>Generated Files</Filter>
    </CustomBuild>
    <CustomBuild Include="release\moc_predefs.h.cbt">
      <Filter>Generated Files</Filter>
    </CustomBuild>
    
    
    
    
    
    
    
    
    
    
    
    
    
    
    
    
    
    
    
    
    
    
    
    
    
    
    
    
    
    
    
    
    
    
    
    
    
    
    
    
    
    
    
  </ItemGroup>
  <ItemGroup>
    <QtUic Include="SignUp.ui">
      <Filter>Form Files</Filter>
    </QtUic>
    <QtUic Include="editsp.ui">
      <Filter>Form Files</Filter>
    </QtUic>
    <QtUic Include="editu.ui">
      <Filter>Form Files</Filter>
    </QtUic>
    <QtUic Include="googlemaps.ui">
      <Filter>Form Files</Filter>
    </QtUic>
    <QtUic Include="historysp.ui">
      <Filter>Form Files</Filter>
    </QtUic>
    <QtUic Include="historyuser.ui">
      <Filter>Form Files</Filter>
    </QtUic>
    <QtUic Include="profilesp.ui">
      <Filter>Form Files</Filter>
    </QtUic>
    <QtUic Include="profileu.ui">
      <Filter>Form Files</Filter>
    </QtUic>
    <QtUic Include="regcomplete.ui">
      <Filter>Form Files</Filter>
    </QtUic>
    <QtUic Include="selection.ui">
      <Filter>Form Files</Filter>
    </QtUic>
    <QtUic Include="slogin.ui">
      <Filter>Form Files</Filter>
    </QtUic>
    <QtUic Include="spinter.ui">
      <Filter>Form Files</Filter>
    </QtUic>
    <QtUic Include="task1.ui">
      <Filter>Form Files</Filter>
    </QtUic>
    <QtUic Include="task_2.ui">
      <Filter>Form Files</Filter>
    </QtUic>
    <QtUic Include="ulogin.ui">
      <Filter>Form Files</Filter>
    </QtUic>
    <QtUic Include="userinter.ui">
      <Filter>Form Files</Filter>
    </QtUic>
    <QtUic Include="usignup.ui">
      <Filter>Form Files</Filter>
    </QtUic>
  </ItemGroup>
  <ItemGroup>
    <None Include="Background.png">
      <Filter>Resource Files</Filter>
    </None>
    <None Include="bG #3.png">
      <Filter>Resource Files</Filter>
    </None>
    <None Include="bG 2.png">
      <Filter>Resource Files</Filter>
    </None>
    <None Include="bG no arrows.png">
      <Filter>Resource Files</Filter>
    </None>
    <None Include="googlemap.html">
      <Filter>Resource Files</Filter>
    </None>
    <None Include="hmu logo.png">
      <Filter>Resource Files</Filter>
    </None>
    <QtRcc Include="myresource.qrc">
      <Filter>Resource Files</Filter>
    </QtRcc>
    <QtRcc Include="resources.qrc">
      <Filter>Resource Files</Filter>
    </QtRcc>
  </ItemGroup>
  <ItemGroup>
    <None Include="googlemap.html">
      <Filter>Distribution Files</Filter>
    </None>
    <None Include="hmu">
      <Filter>Distribution Files</Filter>
    </None>
    <None Include="logo.png">
      <Filter>Distribution Files</Filter>
    </None>
  </ItemGroup>
</Project>